
Microsoft Visual Studio Solution File, Format Version 12.00
# Visual Studio 15
VisualStudioVersion = 15.0.28307.329
MinimumVisualStudioVersion = 10.0.40219.1
Project("{FAE04EC0-301F-11D3-BF4B-00C04F79EFBC}") = "LYLStudio.Core", "LYLStudio.Core.csproj", "{58AAE7C0-2DC1-4B7A-97BE-9EC15BD6ED98}"
EndProject
Project("{FAE04EC0-301F-11D3-BF4B-00C04F79EFBC}") = "LYLStudio.CoreTests", "..\LYLStudio.CoreTests\LYLStudio.CoreTests.csproj", "{B4A0D965-3BA3-46BB-9353-F2126BA795C8}"
EndProject
Project("{FAE04EC0-301F-11D3-BF4B-00C04F79EFBC}") = "TestConsole", "..\TestConsole\TestConsole.csproj", "{91EC9AB1-CFD0-4977-84D2-669F37F6C56D}"
EndProject
Project("{FAE04EC0-301F-11D3-BF4B-00C04F79EFBC}") = "LYLStudio.Core.Threading", "LYLStudio.Core.Threading\LYLStudio.Core.Threading.csproj", "{45DE7042-15C7-4066-A57E-6FACBDDFD0C5}"
EndProject
Global
	GlobalSection(SolutionConfigurationPlatforms) = preSolution
		Debug|Any CPU = Debug|Any CPU
		Release|Any CPU = Release|Any CPU
	EndGlobalSection
	GlobalSection(ProjectConfigurationPlatforms) = postSolution
		{58AAE7C0-2DC1-4B7A-97BE-9EC15BD6ED98}.Debug|Any CPU.ActiveCfg = Debug|Any CPU
		{58AAE7C0-2DC1-4B7A-97BE-9EC15BD6ED98}.Debug|Any CPU.Build.0 = Debug|Any CPU
		{58AAE7C0-2DC1-4B7A-97BE-9EC15BD6ED98}.Release|Any CPU.ActiveCfg = Release|Any CPU
		{58AAE7C0-2DC1-4B7A-97BE-9EC15BD6ED98}.Release|Any CPU.Build.0 = Release|Any CPU
		{B4A0D965-3BA3-46BB-9353-F2126BA795C8}.Debug|Any CPU.ActiveCfg = Debug|Any CPU
		{B4A0D965-3BA3-46BB-9353-F2126BA795C8}.Debug|Any CPU.Build.0 = Debug|Any CPU
		{B4A0D965-3BA3-46BB-9353-F2126BA795C8}.Release|Any CPU.ActiveCfg = Release|Any CPU
		{B4A0D965-3BA3-46BB-9353-F2126BA795C8}.Release|Any CPU.Build.0 = Release|Any CPU
		{91EC9AB1-CFD0-4977-84D2-669F37F6C56D}.Debug|Any CPU.ActiveCfg = Debug|Any CPU
		{91EC9AB1-CFD0-4977-84D2-669F37F6C56D}.Debug|Any CPU.Build.0 = Debug|Any CPU
		{91EC9AB1-CFD0-4977-84D2-669F37F6C56D}.Release|Any CPU.ActiveCfg = Release|Any CPU
		{91EC9AB1-CFD0-4977-84D2-669F37F6C56D}.Release|Any CPU.Build.0 = Release|Any CPU
		{45DE7042-15C7-4066-A57E-6FACBDDFD0C5}.Debug|Any CPU.ActiveCfg = Debug|Any CPU
		{45DE7042-15C7-4066-A57E-6FACBDDFD0C5}.Debug|Any CPU.Build.0 = Debug|Any CPU
		{45DE7042-15C7-4066-A57E-6FACBDDFD0C5}.Release|Any CPU.ActiveCfg = Release|Any CPU
		{45DE7042-15C7-4066-A57E-6FACBDDFD0C5}.Release|Any CPU.Build.0 = Release|Any CPU
	EndGlobalSection
	GlobalSection(SolutionProperties) = preSolution
		HideSolutionNode = FALSE
	EndGlobalSection
	GlobalSection(ExtensibilityGlobals) = postSolution
		SolutionGuid = {78AD1299-B056-450F-B7BA-39C23C085AB7}
	EndGlobalSection
EndGlobal
